<?xml version="1.0" encoding="utf-8"?>
<Project ToolsVersion="4.0" xmlns="http://schemas.microsoft.com/developer/msbuild/2003">
  <ItemGroup>
    <Filter Include="Source Files">
      <UniqueIdentifier>{4FC737F1-C7A5-4376-A066-2A32D752A2FF}</UniqueIdentifier>
      <Extensions>cpp;c;cc;cxx;def;odl;idl;hpj;bat;asm;asmx</Extensions>
    </Filter>
    <Filter Include="Header Files">
      <UniqueIdentifier>{93995380-89BD-4b04-88EB-625FBE52EBFB}</UniqueIdentifier>
      <Extensions>h;hh;hpp;hxx;hm;inl;inc;ipp;xsd</Extensions>
    </Filter>
    <Filter Include="Resource Files">
      <UniqueIdentifier>{67DA6AB6-F800-4c08-8B7A-83BB121AAD01}</UniqueIdentifier>
      <Extensions>rc;ico;cur;bmp;dlg;rc2;rct;bin;rgs;gif;jpg;jpeg;jpe;resx;tiff;tif;png;wav;mfcribbon-ms</Extensions>
    </Filter>
    <Filter Include="Header Files\src">
      <UniqueIdentifier>{7f911992-f908-4091-bbf4-58fc1b86e19c}</UniqueIdentifier>
    </Filter>
    <Filter Include="Header Files\src\data">
      <UniqueIdentifier>{769d6937-4bc7-427a-a7f5-12716b58fd3b}</UniqueIdentifier>
    </Filter>
    <Filter Include="Header Files\src\benchmarks">
      <UniqueIdentifier>{f401d2d4-96d2-4880-bc9f-3e6d28ad9d52}</UniqueIdentifier>
    </Filter>
    <Filter Include="Source Files\src">
      <UniqueIdentifier>{cf6f268a-85e1-40af-ac51-0d8f5d7769cb}</UniqueIdentifier>
    </Filter>
    <Filter Include="Source Files\src\data">
      <UniqueIdentifier>{ccdc2f1e-b757-48e7-9e5e-9ace885964a6}</UniqueIdentifier>
    </Filter>
    <Filter Include="Source Files\src\benchmarks">
      <UniqueIdentifier>{5d428b80-1702-40ec-a447-63d8a81c703d}</UniqueIdentifier>
    </Filter>
    <Filter Include="Header Files\src\strats">
      <UniqueIdentifier>{762525c7-bd70-4f83-837c-cdd11d57adc1}</UniqueIdentifier>
    </Filter>
  </ItemGroup>
  <ItemGroup>
    <ClCompile Include="main.cpp">
      <Filter>Source Files</Filter>
    </ClCompile>
    <ClCompile Include="src\benchmarks\Baseline.cpp">
      <Filter>Source Files\src\benchmarks</Filter>
    </ClCompile>
    <ClCompile Include="src\benchmarks\Improved.cpp">
      <Filter>Source Files\src\benchmarks</Filter>
    </ClCompile>
    <ClCompile Include="src\data\Point.cpp">
      <Filter>Source Files\src\data</Filter>
    </ClCompile>
    <ClCompile Include="src\BenchmarkManager.cpp">
      <Filter>Source Files\src</Filter>
    </ClCompile>
    <ClCompile Include="src\printutil.cpp">
      <Filter>Source Files\src</Filter>
    </ClCompile>
    <ClCompile Include="src\benchmarks\Benchmark.cpp">
      <Filter>Source Files\src\benchmarks</Filter>
    </ClCompile>
    <ClCompile Include="src\benchmarks\BaselineArray.cpp">
      <Filter>Source Files\src\benchmarks</Filter>
    </ClCompile>
    <ClCompile Include="src\benchmarks\BaseVariable.cpp">
      <Filter>Source Files\src\benchmarks</Filter>
    </ClCompile>
    <ClCompile Include="src\benchmarks\BaseToCopy.cpp">
      <Filter>Source Files\src\benchmarks</Filter>
    </ClCompile>
  </ItemGroup>
  <ItemGroup>
    <ClInclude Include="src\BenchmarkManager.h">
      <Filter>Header Files\src</Filter>
    </ClInclude>
    <ClInclude Include="src\printutil.h">
      <Filter>Header Files\src</Filter>
    </ClInclude>
    <ClInclude Include="src\benchmarks\Baseline.h">
      <Filter>Header Files\src\benchmarks</Filter>
    </ClInclude>
    <ClInclude Include="src\benchmarks\Improved.h">
      <Filter>Header Files\src\benchmarks</Filter>
    </ClInclude>
    <ClInclude Include="src\data\Point.h">
      <Filter>Header Files\src\data</Filter>
    </ClInclude>
    <ClInclude Include="src\data\datatypes.h">
      <Filter>Header Files\src\data</Filter>
    </ClInclude>
    <ClInclude Include="src\meta.h">
      <Filter>Header Files\src</Filter>
    </ClInclude>
    <ClInclude Include="src\benchmarks\Benchmark.h">
      <Filter>Header Files\src\benchmarks</Filter>
    </ClInclude>
    <ClInclude Include="src\benchmarks\benchmarktypes.h">
      <Filter>Header Files\src\benchmarks</Filter>
    </ClInclude>
    <ClInclude Include="src\benchmarks\BaselineArray.h">
      <Filter>Header Files\src\benchmarks</Filter>
    </ClInclude>
    <ClInclude Include="src\benchmarks\BaseVariable.h">
      <Filter>Header Files\src\benchmarks</Filter>
    </ClInclude>
    <ClInclude Include="src\strats\fixedpool.h">
      <Filter>Header Files\src\strats</Filter>
    </ClInclude>
    <ClInclude Include="src\strats\variablepool.h">
      <Filter>Header Files\src\strats</Filter>
    </ClInclude>
    <ClInclude Include="src\benchmarks\BaseToCopy.h">
      <Filter>Header Files\src\benchmarks</Filter>
    </ClInclude>
  </ItemGroup>
</Project>